
Microsoft Visual Studio Solution File, Format Version 12.00
# Visual Studio 14
VisualStudioVersion = 14.0.25123.0
MinimumVisualStudioVersion = 10.0.40219.1
Project("{FAE04EC0-301F-11D3-BF4B-00C04F79EFBC}") = "Demo_Calculator", "Demo_Calculator\Demo_Calculator.csproj", "{ECBCE498-234C-4B67-A5A0-71F5CCC7DEA0}"
EndProject
Project("{FAE04EC0-301F-11D3-BF4B-00C04F79EFBC}") = "AutomatedTesting1", "AutomatedTesting1\AutomatedTesting1.csproj", "{F8281A4B-C055-442D-AD58-D2A75327A780}"
EndProject
Global
	GlobalSection(SolutionConfigurationPlatforms) = preSolution
		Debug|Any CPU = Debug|Any CPU
		Release|Any CPU = Release|Any CPU
	EndGlobalSection
	GlobalSection(ProjectConfigurationPlatforms) = postSolution
		{ECBCE498-234C-4B67-A5A0-71F5CCC7DEA0}.Debug|Any CPU.ActiveCfg = Debug|Any CPU
		{ECBCE498-234C-4B67-A5A0-71F5CCC7DEA0}.Debug|Any CPU.Build.0 = Debug|Any CPU
		{ECBCE498-234C-4B67-A5A0-71F5CCC7DEA0}.Release|Any CPU.ActiveCfg = Release|Any CPU
		{ECBCE498-234C-4B67-A5A0-71F5CCC7DEA0}.Release|Any CPU.Build.0 = Release|Any CPU
		{F8281A4B-C055-442D-AD58-D2A75327A780}.Debug|Any CPU.ActiveCfg = Debug|Any CPU
		{F8281A4B-C055-442D-AD58-D2A75327A780}.Debug|Any CPU.Build.0 = Debug|Any CPU
		{F8281A4B-C055-442D-AD58-D2A75327A780}.Release|Any CPU.ActiveCfg = Release|Any CPU
		{F8281A4B-C055-442D-AD58-D2A75327A780}.Release|Any CPU.Build.0 = Release|Any CPU
	EndGlobalSection
	GlobalSection(SolutionProperties) = preSolution
		HideSolutionNode = FALSE
	EndGlobalSection
EndGlobal
